
Microsoft Visual Studio Solution File, Format Version 12.00
# Visual Studio Version 17
VisualStudioVersion = 17.14.36109.1 d17.14
MinimumVisualStudioVersion = 10.0.40219.1
Project("{FAE04EC0-301F-11D3-BF4B-00C04F79EFBC}") = "DMproyecto", "DMproyecto\DMproyecto.csproj", "{DBDA6C0F-7EA5-4C48-81B6-CC3DB8F4EC56}"
EndProject
Global
	GlobalSection(SolutionConfigurationPlatforms) = preSolution
		Debug|Any CPU = Debug|Any CPU
		Release|Any CPU = Release|Any CPU
	EndGlobalSection
	GlobalSection(ProjectConfigurationPlatforms) = postSolution
		{DBDA6C0F-7EA5-4C48-81B6-CC3DB8F4EC56}.Debug|Any CPU.ActiveCfg = Debug|Any CPU
		{DBDA6C0F-7EA5-4C48-81B6-CC3DB8F4EC56}.Debug|Any CPU.Build.0 = Debug|Any CPU
		{DBDA6C0F-7EA5-4C48-81B6-CC3DB8F4EC56}.Release|Any CPU.ActiveCfg = Release|Any CPU
		{DBDA6C0F-7EA5-4C48-81B6-CC3DB8F4EC56}.Release|Any CPU.Build.0 = Release|Any CPU
	EndGlobalSection
	GlobalSection(SolutionProperties) = preSolution
		HideSolutionNode = FALSE
	EndGlobalSection
	GlobalSection(ExtensibilityGlobals) = postSolution
		SolutionGuid = {0B64A88A-4D2D-4A94-9373-90D77BE4882E}
	EndGlobalSection
EndGlobal
